
Microsoft Visual Studio Solution File, Format Version 12.00
# Visual Studio Version 16
VisualStudioVersion = 16.0.30804.86
MinimumVisualStudioVersion = 10.0.40219.1
Project("{FAE04EC0-301F-11D3-BF4B-00C04F79EFBC}") = "FlightMaster Enabler", "FlightMaster Enabler\FlightMaster Enabler.csproj", "{D054D2D2-0056-42F4-9C8D-E7D04CCB205B}"
EndProject
Global
	GlobalSection(SolutionConfigurationPlatforms) = preSolution
		Debug|Any CPU = Debug|Any CPU
		Release|Any CPU = Release|Any CPU
	EndGlobalSection
	GlobalSection(ProjectConfigurationPlatforms) = postSolution
		{D054D2D2-0056-42F4-9C8D-E7D04CCB205B}.Debug|Any CPU.ActiveCfg = Debug|Any CPU
		{D054D2D2-0056-42F4-9C8D-E7D04CCB205B}.Debug|Any CPU.Build.0 = Debug|Any CPU
		{D054D2D2-0056-42F4-9C8D-E7D04CCB205B}.Release|Any CPU.ActiveCfg = Release|Any CPU
		{D054D2D2-0056-42F4-9C8D-E7D04CCB205B}.Release|Any CPU.Build.0 = Release|Any CPU
	EndGlobalSection
	GlobalSection(SolutionProperties) = preSolution
		HideSolutionNode = FALSE
	EndGlobalSection
	GlobalSection(ExtensibilityGlobals) = postSolution
		SolutionGuid = {98CD1E4C-8E21-483F-B57F-A65DC8264F18}
	EndGlobalSection
EndGlobal
